
Microsoft Visual Studio Solution File, Format Version 12.00
# Visual Studio Version 17
VisualStudioVersion = 17.1.32421.90
MinimumVisualStudioVersion = 10.0.40219.1
Project("{9A19103F-16F7-4668-BE54-9A1E7A4F7556}") = "Marketplace", "Marketplace.csproj", "{EC1CDFB2-FD72-44E9-87E7-BC847D99BAB0}"
EndProject
Project("{9A19103F-16F7-4668-BE54-9A1E7A4F7556}") = "Marketplace.Domain", "..\Marketplace.Domain\Marketplace.Domain.csproj", "{28E04A60-F545-40FB-BD46-1EB3E9A5E9BB}"
EndProject
Project("{9A19103F-16F7-4668-BE54-9A1E7A4F7556}") = "Marketplace.Tests", "..\Marketplace.Tests\Marketplace.Tests.csproj", "{517D3103-F6A3-4B30-A974-ED8B63D3CA3B}"
EndProject
Project("{9A19103F-16F7-4668-BE54-9A1E7A4F7556}") = "Marketplace.Framework", "..\Marketplace.Framework\Marketplace.Framework.csproj", "{DB410342-0E88-456E-90A3-DB4FB366AC03}"
EndProject
Project("{FAE04EC0-301F-11D3-BF4B-00C04F79EFBC}") = "MarketPlace.Infrastructure", "..\MarketPlace.Infrastructure\MarketPlace.Infrastructure.csproj", "{77A36253-36BC-428E-A6B4-C59C0D7C5E1C}"
EndProject
Global
	GlobalSection(SolutionConfigurationPlatforms) = preSolution
		Debug|Any CPU = Debug|Any CPU
		Release|Any CPU = Release|Any CPU
	EndGlobalSection
	GlobalSection(ProjectConfigurationPlatforms) = postSolution
		{EC1CDFB2-FD72-44E9-87E7-BC847D99BAB0}.Debug|Any CPU.ActiveCfg = Debug|Any CPU
		{EC1CDFB2-FD72-44E9-87E7-BC847D99BAB0}.Debug|Any CPU.Build.0 = Debug|Any CPU
		{EC1CDFB2-FD72-44E9-87E7-BC847D99BAB0}.Release|Any CPU.ActiveCfg = Release|Any CPU
		{EC1CDFB2-FD72-44E9-87E7-BC847D99BAB0}.Release|Any CPU.Build.0 = Release|Any CPU
		{28E04A60-F545-40FB-BD46-1EB3E9A5E9BB}.Debug|Any CPU.ActiveCfg = Debug|Any CPU
		{28E04A60-F545-40FB-BD46-1EB3E9A5E9BB}.Debug|Any CPU.Build.0 = Debug|Any CPU
		{28E04A60-F545-40FB-BD46-1EB3E9A5E9BB}.Release|Any CPU.ActiveCfg = Release|Any CPU
		{28E04A60-F545-40FB-BD46-1EB3E9A5E9BB}.Release|Any CPU.Build.0 = Release|Any CPU
		{517D3103-F6A3-4B30-A974-ED8B63D3CA3B}.Debug|Any CPU.ActiveCfg = Debug|Any CPU
		{517D3103-F6A3-4B30-A974-ED8B63D3CA3B}.Debug|Any CPU.Build.0 = Debug|Any CPU
		{517D3103-F6A3-4B30-A974-ED8B63D3CA3B}.Release|Any CPU.ActiveCfg = Release|Any CPU
		{517D3103-F6A3-4B30-A974-ED8B63D3CA3B}.Release|Any CPU.Build.0 = Release|Any CPU
		{DB410342-0E88-456E-90A3-DB4FB366AC03}.Debug|Any CPU.ActiveCfg = Debug|Any CPU
		{DB410342-0E88-456E-90A3-DB4FB366AC03}.Debug|Any CPU.Build.0 = Debug|Any CPU
		{DB410342-0E88-456E-90A3-DB4FB366AC03}.Release|Any CPU.ActiveCfg = Release|Any CPU
		{DB410342-0E88-456E-90A3-DB4FB366AC03}.Release|Any CPU.Build.0 = Release|Any CPU
		{77A36253-36BC-428E-A6B4-C59C0D7C5E1C}.Debug|Any CPU.ActiveCfg = Debug|Any CPU
		{77A36253-36BC-428E-A6B4-C59C0D7C5E1C}.Debug|Any CPU.Build.0 = Debug|Any CPU
		{77A36253-36BC-428E-A6B4-C59C0D7C5E1C}.Release|Any CPU.ActiveCfg = Release|Any CPU
		{77A36253-36BC-428E-A6B4-C59C0D7C5E1C}.Release|Any CPU.Build.0 = Release|Any CPU
	EndGlobalSection
	GlobalSection(SolutionProperties) = preSolution
		HideSolutionNode = FALSE
	EndGlobalSection
	GlobalSection(ExtensibilityGlobals) = postSolution
		SolutionGuid = {973047E3-45A8-4A6F-96BC-F96BDAF6F924}
	EndGlobalSection
EndGlobal
